
Microsoft Visual Studio Solution File, Format Version 12.00
# Visual Studio 2012
# Clarion 2.1.0.2447
Project("{12B76EC0-1D7B-4FA7-A7D0-C524288B48A1}") = "C5Pro2Exp", "C5Pro2Exp.cwproj", "{0C7FAFDC-AD14-4D8E-9F93-817118D2513F}"
EndProject
Global
	GlobalSection(SolutionConfigurationPlatforms) = preSolution
		Debug|Win32 = Debug|Win32
		Release|Win32 = Release|Win32
	EndGlobalSection
	GlobalSection(ProjectConfigurationPlatforms) = postSolution
		{0C7FAFDC-AD14-4D8E-9F93-817118D2513F}.Debug|Win32.Build.0 = Debug|Win32
		{0C7FAFDC-AD14-4D8E-9F93-817118D2513F}.Debug|Win32.ActiveCfg = Debug|Win32
		{0C7FAFDC-AD14-4D8E-9F93-817118D2513F}.Release|Win32.Build.0 = Release|Win32
		{0C7FAFDC-AD14-4D8E-9F93-817118D2513F}.Release|Win32.ActiveCfg = Release|Win32
	EndGlobalSection
EndGlobal
